
Microsoft Visual Studio Solution File, Format Version 12.00
# Visual Studio Version 17
VisualStudioVersion = 17.11.35312.102
MinimumVisualStudioVersion = 10.0.40219.1
Project("{FAE04EC0-301F-11D3-BF4B-00C04F79EFBC}") = "Tema3CNN", "Tema3CNN\Tema3CNN.csproj", "{97373429-A743-40EF-86A0-B6A4D34215EA}"
EndProject
Global
	GlobalSection(SolutionConfigurationPlatforms) = preSolution
		Debug|Any CPU = Debug|Any CPU
		Release|Any CPU = Release|Any CPU
	EndGlobalSection
	GlobalSection(ProjectConfigurationPlatforms) = postSolution
		{97373429-A743-40EF-86A0-B6A4D34215EA}.Debug|Any CPU.ActiveCfg = Debug|Any CPU
		{97373429-A743-40EF-86A0-B6A4D34215EA}.Debug|Any CPU.Build.0 = Debug|Any CPU
		{97373429-A743-40EF-86A0-B6A4D34215EA}.Release|Any CPU.ActiveCfg = Release|Any CPU
		{97373429-A743-40EF-86A0-B6A4D34215EA}.Release|Any CPU.Build.0 = Release|Any CPU
	EndGlobalSection
	GlobalSection(SolutionProperties) = preSolution
		HideSolutionNode = FALSE
	EndGlobalSection
	GlobalSection(ExtensibilityGlobals) = postSolution
		SolutionGuid = {EC477563-B689-4E38-8BC0-BDCAE1C7C60D}
	EndGlobalSection
EndGlobal
